
Microsoft Visual Studio Solution File, Format Version 12.00
# Visual Studio 15
VisualStudioVersion = 15.0.27428.1
MinimumVisualStudioVersion = 10.0.40219.1
Project("{FAE04EC0-301F-11D3-BF4B-00C04F79EFBC}") = "App1.Android", "App1\App1.Android\App1.Android.csproj", "{F046EE16-31C5-4E08-A059-BED9F553A76C}"
EndProject
Project("{FAE04EC0-301F-11D3-BF4B-00C04F79EFBC}") = "App1.iOS", "App1\App1.iOS\App1.iOS.csproj", "{A9098F83-0663-409E-8E1C-851A97E12FA9}"
EndProject
Project("{9A19103F-16F7-4668-BE54-9A1E7A4F7556}") = "App1", "App1\App1\App1.csproj", "{526132B1-FD95-4237-AF29-B9B96E74098A}"
EndProject
Global
	GlobalSection(SolutionConfigurationPlatforms) = preSolution
		Ad-Hoc|Any CPU = Ad-Hoc|Any CPU
		Ad-Hoc|iPhone = Ad-Hoc|iPhone
		Ad-Hoc|iPhoneSimulator = Ad-Hoc|iPhoneSimulator
		AppStore|Any CPU = AppStore|Any CPU
		AppStore|iPhone = AppStore|iPhone
		AppStore|iPhoneSimulator = AppStore|iPhoneSimulator
		Debug|Any CPU = Debug|Any CPU
		Debug|iPhone = Debug|iPhone
		Debug|iPhoneSimulator = Debug|iPhoneSimulator
		Release|Any CPU = Release|Any CPU
		Release|iPhone = Release|iPhone
		Release|iPhoneSimulator = Release|iPhoneSimulator
	EndGlobalSection
	GlobalSection(ProjectConfigurationPlatforms) = postSolution
		{F046EE16-31C5-4E08-A059-BED9F553A76C}.Ad-Hoc|Any CPU.ActiveCfg = Release|Any CPU
		{F046EE16-31C5-4E08-A059-BED9F553A76C}.Ad-Hoc|Any CPU.Build.0 = Release|Any CPU
		{F046EE16-31C5-4E08-A059-BED9F553A76C}.Ad-Hoc|Any CPU.Deploy.0 = Release|Any CPU
		{F046EE16-31C5-4E08-A059-BED9F553A76C}.Ad-Hoc|iPhone.ActiveCfg = Release|Any CPU
		{F046EE16-31C5-4E08-A059-BED9F553A76C}.Ad-Hoc|iPhone.Build.0 = Release|Any CPU
		{F046EE16-31C5-4E08-A059-BED9F553A76C}.Ad-Hoc|iPhone.Deploy.0 = Release|Any CPU
		{F046EE16-31C5-4E08-A059-BED9F553A76C}.Ad-Hoc|iPhoneSimulator.ActiveCfg = Release|Any CPU
		{F046EE16-31C5-4E08-A059-BED9F553A76C}.Ad-Hoc|iPhoneSimulator.Build.0 = Release|Any CPU
		{F046EE16-31C5-4E08-A059-BED9F553A76C}.Ad-Hoc|iPhoneSimulator.Deploy.0 = Release|Any CPU
		{F046EE16-31C5-4E08-A059-BED9F553A76C}.AppStore|Any CPU.ActiveCfg = Release|Any CPU
		{F046EE16-31C5-4E08-A059-BED9F553A76C}.AppStore|Any CPU.Build.0 = Release|Any CPU
		{F046EE16-31C5-4E08-A059-BED9F553A76C}.AppStore|Any CPU.Deploy.0 = Release|Any CPU
		{F046EE16-31C5-4E08-A059-BED9F553A76C}.AppStore|iPhone.ActiveCfg = Release|Any CPU
		{F046EE16-31C5-4E08-A059-BED9F553A76C}.AppStore|iPhone.Build.0 = Release|Any CPU
		{F046EE16-31C5-4E08-A059-BED9F553A76C}.AppStore|iPhone.Deploy.0 = Release|Any CPU
		{F046EE16-31C5-4E08-A059-BED9F553A76C}.AppStore|iPhoneSimulator.ActiveCfg = Release|Any CPU
		{F046EE16-31C5-4E08-A059-BED9F553A76C}.AppStore|iPhoneSimulator.Build.0 = Release|Any CPU
		{F046EE16-31C5-4E08-A059-BED9F553A76C}.AppStore|iPhoneSimulator.Deploy.0 = Release|Any CPU
		{F046EE16-31C5-4E08-A059-BED9F553A76C}.Debug|Any CPU.ActiveCfg = Debug|Any CPU
		{F046EE16-31C5-4E08-A059-BED9F553A76C}.Debug|Any CPU.Build.0 = Debug|Any CPU
		{F046EE16-31C5-4E08-A059-BED9F553A76C}.Debug|Any CPU.Deploy.0 = Debug|Any CPU
		{F046EE16-31C5-4E08-A059-BED9F553A76C}.Debug|iPhone.ActiveCfg = Debug|Any CPU
		{F046EE16-31C5-4E08-A059-BED9F553A76C}.Debug|iPhone.Build.0 = Debug|Any CPU
		{F046EE16-31C5-4E08-A059-BED9F553A76C}.Debug|iPhone.Deploy.0 = Debug|Any CPU
		{F046EE16-31C5-4E08-A059-BED9F553A76C}.Debug|iPhoneSimulator.ActiveCfg = Debug|Any CPU
		{F046EE16-31C5-4E08-A059-BED9F553A76C}.Debug|iPhoneSimulator.Build.0 = Debug|Any CPU
		{F046EE16-31C5-4E08-A059-BED9F553A76C}.Debug|iPhoneSimulator.Deploy.0 = Debug|Any CPU
		{F046EE16-31C5-4E08-A059-BED9F553A76C}.Release|Any CPU.ActiveCfg = Release|Any CPU
		{F046EE16-31C5-4E08-A059-BED9F553A76C}.Release|Any CPU.Build.0 = Release|Any CPU
		{F046EE16-31C5-4E08-A059-BED9F553A76C}.Release|Any CPU.Deploy.0 = Release|Any CPU
		{F046EE16-31C5-4E08-A059-BED9F553A76C}.Release|iPhone.ActiveCfg = Release|Any CPU
		{F046EE16-31C5-4E08-A059-BED9F553A76C}.Release|iPhone.Build.0 = Release|Any CPU
		{F046EE16-31C5-4E08-A059-BED9F553A76C}.Release|iPhone.Deploy.0 = Release|Any CPU
		{F046EE16-31C5-4E08-A059-BED9F553A76C}.Release|iPhoneSimulator.ActiveCfg = Release|Any CPU
		{F046EE16-31C5-4E08-A059-BED9F553A76C}.Release|iPhoneSimulator.Build.0 = Release|Any CPU
		{F046EE16-31C5-4E08-A059-BED9F553A76C}.Release|iPhoneSimulator.Deploy.0 = Release|Any CPU
		{A9098F83-0663-409E-8E1C-851A97E12FA9}.Ad-Hoc|Any CPU.ActiveCfg = Ad-Hoc|iPhone
		{A9098F83-0663-409E-8E1C-851A97E12FA9}.Ad-Hoc|iPhone.ActiveCfg = Ad-Hoc|iPhone
		{A9098F83-0663-409E-8E1C-851A97E12FA9}.Ad-Hoc|iPhone.Build.0 = Ad-Hoc|iPhone
		{A9098F83-0663-409E-8E1C-851A97E12FA9}.Ad-Hoc|iPhoneSimulator.ActiveCfg = Ad-Hoc|iPhoneSimulator
		{A9098F83-0663-409E-8E1C-851A97E12FA9}.Ad-Hoc|iPhoneSimulator.Build.0 = Ad-Hoc|iPhoneSimulator
		{A9098F83-0663-409E-8E1C-851A97E12FA9}.AppStore|Any CPU.ActiveCfg = AppStore|iPhone
		{A9098F83-0663-409E-8E1C-851A97E12FA9}.AppStore|iPhone.ActiveCfg = AppStore|iPhone
		{A9098F83-0663-409E-8E1C-851A97E12FA9}.AppStore|iPhone.Build.0 = AppStore|iPhone
		{A9098F83-0663-409E-8E1C-851A97E12FA9}.AppStore|iPhoneSimulator.ActiveCfg = AppStore|iPhoneSimulator
		{A9098F83-0663-409E-8E1C-851A97E12FA9}.AppStore|iPhoneSimulator.Build.0 = AppStore|iPhoneSimulator
		{A9098F83-0663-409E-8E1C-851A97E12FA9}.Debug|Any CPU.ActiveCfg = Debug|iPhone
		{A9098F83-0663-409E-8E1C-851A97E12FA9}.Debug|iPhone.ActiveCfg = Debug|iPhone
		{A9098F83-0663-409E-8E1C-851A97E12FA9}.Debug|iPhone.Build.0 = Debug|iPhone
		{A9098F83-0663-409E-8E1C-851A97E12FA9}.Debug|iPhoneSimulator.ActiveCfg = Debug|iPhoneSimulator
		{A9098F83-0663-409E-8E1C-851A97E12FA9}.Debug|iPhoneSimulator.Build.0 = Debug|iPhoneSimulator
		{A9098F83-0663-409E-8E1C-851A97E12FA9}.Release|Any CPU.ActiveCfg = Release|iPhone
		{A9098F83-0663-409E-8E1C-851A97E12FA9}.Release|iPhone.ActiveCfg = Release|iPhone
		{A9098F83-0663-409E-8E1C-851A97E12FA9}.Release|iPhone.Build.0 = Release|iPhone
		{A9098F83-0663-409E-8E1C-851A97E12FA9}.Release|iPhoneSimulator.ActiveCfg = Release|iPhoneSimulator
		{A9098F83-0663-409E-8E1C-851A97E12FA9}.Release|iPhoneSimulator.Build.0 = Release|iPhoneSimulator
		{526132B1-FD95-4237-AF29-B9B96E74098A}.Ad-Hoc|Any CPU.ActiveCfg = Debug|Any CPU
		{526132B1-FD95-4237-AF29-B9B96E74098A}.Ad-Hoc|Any CPU.Build.0 = Debug|Any CPU
		{526132B1-FD95-4237-AF29-B9B96E74098A}.Ad-Hoc|iPhone.ActiveCfg = Debug|Any CPU
		{526132B1-FD95-4237-AF29-B9B96E74098A}.Ad-Hoc|iPhone.Build.0 = Debug|Any CPU
		{526132B1-FD95-4237-AF29-B9B96E74098A}.Ad-Hoc|iPhoneSimulator.ActiveCfg = Debug|Any CPU
		{526132B1-FD95-4237-AF29-B9B96E74098A}.Ad-Hoc|iPhoneSimulator.Build.0 = Debug|Any CPU
		{526132B1-FD95-4237-AF29-B9B96E74098A}.AppStore|Any CPU.ActiveCfg = Debug|Any CPU
		{526132B1-FD95-4237-AF29-B9B96E74098A}.AppStore|Any CPU.Build.0 = Debug|Any CPU
		{526132B1-FD95-4237-AF29-B9B96E74098A}.AppStore|iPhone.ActiveCfg = Debug|Any CPU
		{526132B1-FD95-4237-AF29-B9B96E74098A}.AppStore|iPhone.Build.0 = Debug|Any CPU
		{526132B1-FD95-4237-AF29-B9B96E74098A}.AppStore|iPhoneSimulator.ActiveCfg = Debug|Any CPU
		{526132B1-FD95-4237-AF29-B9B96E74098A}.AppStore|iPhoneSimulator.Build.0 = Debug|Any CPU
		{526132B1-FD95-4237-AF29-B9B96E74098A}.Debug|Any CPU.ActiveCfg = Debug|Any CPU
		{526132B1-FD95-4237-AF29-B9B96E74098A}.Debug|Any CPU.Build.0 = Debug|Any CPU
		{526132B1-FD95-4237-AF29-B9B96E74098A}.Debug|iPhone.ActiveCfg = Debug|Any CPU
		{526132B1-FD95-4237-AF29-B9B96E74098A}.Debug|iPhone.Build.0 = Debug|Any CPU
		{526132B1-FD95-4237-AF29-B9B96E74098A}.Debug|iPhoneSimulator.ActiveCfg = Debug|Any CPU
		{526132B1-FD95-4237-AF29-B9B96E74098A}.Debug|iPhoneSimulator.Build.0 = Debug|Any CPU
		{526132B1-FD95-4237-AF29-B9B96E74098A}.Release|Any CPU.ActiveCfg = Release|Any CPU
		{526132B1-FD95-4237-AF29-B9B96E74098A}.Release|Any CPU.Build.0 = Release|Any CPU
		{526132B1-FD95-4237-AF29-B9B96E74098A}.Release|iPhone.ActiveCfg = Release|Any CPU
		{526132B1-FD95-4237-AF29-B9B96E74098A}.Release|iPhone.Build.0 = Release|Any CPU
		{526132B1-FD95-4237-AF29-B9B96E74098A}.Release|iPhoneSimulator.ActiveCfg = Release|Any CPU
		{526132B1-FD95-4237-AF29-B9B96E74098A}.Release|iPhoneSimulator.Build.0 = Release|Any CPU
	EndGlobalSection
	GlobalSection(SolutionProperties) = preSolution
		HideSolutionNode = FALSE
	EndGlobalSection
	GlobalSection(ExtensibilityGlobals) = postSolution
		SolutionGuid = {04365970-7488-4786-BEDA-E4387B9895A2}
	EndGlobalSection
EndGlobal
